
Microsoft Visual Studio Solution File, Format Version 12.00
# Visual Studio Version 16
VisualStudioVersion = 16.0.29509.3
MinimumVisualStudioVersion = 10.0.40219.1
Project("{8BC9CEB8-8B4A-11D0-8D11-00A0C91BC942}") = "Homework1", "Homework1\Homework1.vcxproj", "{F84DEACC-46A5-4D44-B531-2675C8215061}"
EndProject
Global
	GlobalSection(SolutionConfigurationPlatforms) = preSolution
		Debug|x64 = Debug|x64
		Debug|x86 = Debug|x86
		Release|x64 = Release|x64
		Release|x86 = Release|x86
	EndGlobalSection
	GlobalSection(ProjectConfigurationPlatforms) = postSolution
		{F84DEACC-46A5-4D44-B531-2675C8215061}.Debug|x64.ActiveCfg = Debug|x64
		{F84DEACC-46A5-4D44-B531-2675C8215061}.Debug|x64.Build.0 = Debug|x64
		{F84DEACC-46A5-4D44-B531-2675C8215061}.Debug|x86.ActiveCfg = Debug|Win32
		{F84DEACC-46A5-4D44-B531-2675C8215061}.Debug|x86.Build.0 = Debug|Win32
		{F84DEACC-46A5-4D44-B531-2675C8215061}.Release|x64.ActiveCfg = Release|x64
		{F84DEACC-46A5-4D44-B531-2675C8215061}.Release|x64.Build.0 = Release|x64
		{F84DEACC-46A5-4D44-B531-2675C8215061}.Release|x86.ActiveCfg = Release|Win32
		{F84DEACC-46A5-4D44-B531-2675C8215061}.Release|x86.Build.0 = Release|Win32
	EndGlobalSection
	GlobalSection(SolutionProperties) = preSolution
		HideSolutionNode = FALSE
	EndGlobalSection
	GlobalSection(ExtensibilityGlobals) = postSolution
		SolutionGuid = {3A18A858-2663-4335-91FC-9D48508932AE}
	EndGlobalSection
EndGlobal
